// !$*UTF8*$!
{
	archiveVersion = 1;
	classes = {
	};
	objectVersion = 46;
	objects = {

/* Begin PBXBuildFile section */
		010B59181D3CF66600550A43 /* MainMenu.swift in Sources */ = {isa = PBXBuildFile; fileRef = 010B59171D3CF66600550A43 /* MainMenu.swift */; };
		010D7C701F6BE54A005356D0 /* SidebarTableView.swift in Sources */ = {isa = PBXBuildFile; fileRef = 010D7C6D1F6BE54A005356D0 /* SidebarTableView.swift */; };
		010D7C711F6BE54A005356D0 /* SidebarViewController.swift in Sources */ = {isa = PBXBuildFile; fileRef = 010D7C6E1F6BE54A005356D0 /* SidebarViewController.swift */; };
		010D7C721F6BE54A005356D0 /* SidebarTableCellView.swift in Sources */ = {isa = PBXBuildFile; fileRef = 010D7C6F1F6BE54A005356D0 /* SidebarTableCellView.swift */; };
		010F0EDE20F8582C00F33553 /* DevMateKit.framework in Frameworks */ = {isa = PBXBuildFile; fileRef = 012ADEDC1F1461BC009E4110 /* DevMateKit.framework */; };
		010F0EDF20F8582C00F33553 /* DevMateKit.framework in Embed Frameworks */ = {isa = PBXBuildFile; fileRef = 012ADEDC1F1461BC009E4110 /* DevMateKit.framework */; settings = {ATTRIBUTES = (CodeSignOnCopy, RemoveHeadersOnCopy, ); }; };
		010F0EEE20F8586C00F33553 /* SocketRocket.framework.dSYM in Copy Files */ = {isa = PBXBuildFile; fileRef = 010F0EE520F8586100F33553 /* SocketRocket.framework.dSYM */; };
		0115D42F1E04E36E003EBFCD /* NotificationName.swift in Sources */ = {isa = PBXBuildFile; fileRef = 0115D42E1E04E36E003EBFCD /* NotificationName.swift */; };
		0115D4331E04F09F003EBFCD /* SubString.swift in Sources */ = {isa = PBXBuildFile; fileRef = 0115D4321E04F09F003EBFCD /* SubString.swift */; };
		0115D4351E06AD99003EBFCD /* Aria2.swift in Sources */ = {isa = PBXBuildFile; fileRef = 0115D4341E06AD99003EBFCD /* Aria2.swift */; };
		011BEFC31E83D95000DCE205 /* ChangeOptionViewController.swift in Sources */ = {isa = PBXBuildFile; fileRef = 011BEFC21E83D95000DCE205 /* ChangeOptionViewController.swift */; };
		011E102C1D478EB300BD2E71 /* Assets.xcassets in Resources */ = {isa = PBXBuildFile; fileRef = 011E102B1D478EB300BD2E71 /* Assets.xcassets */; };
		012624661ED17AD9007FF8AA /* DMSwiftKevlar.m in Sources */ = {isa = PBXBuildFile; fileRef = 012624651ED17AD9007FF8AA /* DMSwiftKevlar.m */; };
		012A1BB21E174860007C4B46 /* Transformer.swift in Sources */ = {isa = PBXBuildFile; fileRef = 012A1BB11E174860007C4B46 /* Transformer.swift */; };
		012B57302159267400D1AC03 /* FileNode.swift in Sources */ = {isa = PBXBuildFile; fileRef = 012B572F2159267400D1AC03 /* FileNode.swift */; };
		012C3AE61E1001CA00ABFE4C /* Log.swift in Sources */ = {isa = PBXBuildFile; fileRef = 012C3AE51E1001CA00ABFE4C /* Log.swift */; };
		012C3AEE1E1010AD00ABFE4C /* Aria2Websocket.swift in Sources */ = {isa = PBXBuildFile; fileRef = 012C3AED1E1010AD00ABFE4C /* Aria2Websocket.swift */; };
		012CBD6C1F6CC55A00EFD1D4 /* StatusCollectionViewItem.swift in Sources */ = {isa = PBXBuildFile; fileRef = 012CBD681F6CC55A00EFD1D4 /* StatusCollectionViewItem.swift */; };
		012CBD6D1F6CC55A00EFD1D4 /* StatusCollectionViewItemView.swift in Sources */ = {isa = PBXBuildFile; fileRef = 012CBD691F6CC55A00EFD1D4 /* StatusCollectionViewItemView.swift */; };
		012CBD6E1F6CC55A00EFD1D4 /* StatusDicTableCellView.swift in Sources */ = {isa = PBXBuildFile; fileRef = 012CBD6A1F6CC55A00EFD1D4 /* StatusDicTableCellView.swift */; };
		012CBD6F1F6CC55A00EFD1D4 /* StatusBitfieldTableCellView.swift in Sources */ = {isa = PBXBuildFile; fileRef = 012CBD6B1F6CC55A00EFD1D4 /* StatusBitfieldTableCellView.swift */; };
		012CBD761F6CC57F00EFD1D4 /* InfoWindowController.swift in Sources */ = {isa = PBXBuildFile; fileRef = 012CBD721F6CC57F00EFD1D4 /* InfoWindowController.swift */; };
		012CBD771F6CC57F00EFD1D4 /* InfoViewController.swift in Sources */ = {isa = PBXBuildFile; fileRef = 012CBD731F6CC57F00EFD1D4 /* InfoViewController.swift */; };
		012CBD781F6CC57F00EFD1D4 /* NSTableViewPopoverSegue.swift in Sources */ = {isa = PBXBuildFile; fileRef = 012CBD741F6CC57F00EFD1D4 /* NSTableViewPopoverSegue.swift */; };
		0130D74E1F13E9F500F11DBC /* JSONModels.swift in Sources */ = {isa = PBXBuildFile; fileRef = 0130D74D1F13E9F500F11DBC /* JSONModels.swift */; };
		013817671D238E0100E0F926 /* MainWindowController.swift in Sources */ = {isa = PBXBuildFile; fileRef = 013817661D238E0100E0F926 /* MainWindowController.swift */; };
		013ABB9E1E4C588E008D370D /* ServerListArrayController.swift in Sources */ = {isa = PBXBuildFile; fileRef = 013ABB9D1E4C588E008D370D /* ServerListArrayController.swift */; };
		013ABBA01E51B305008D370D /* SetServersViewController.swift in Sources */ = {isa = PBXBuildFile; fileRef = 013ABB9F1E51B305008D370D /* SetServersViewController.swift */; };
		0147488F21567006005014D3 /* PromiseKit.framework.dSYM in Copy Files */ = {isa = PBXBuildFile; fileRef = 0147488A21566FBC005014D3 /* PromiseKit.framework.dSYM */; };
		01474894215673CC005014D3 /* SocketRocket.framework in Frameworks */ = {isa = PBXBuildFile; fileRef = 01474892215673C6005014D3 /* SocketRocket.framework */; };
		01474895215673CC005014D3 /* SocketRocket.framework in Embed Frameworks */ = {isa = PBXBuildFile; fileRef = 01474892215673C6005014D3 /* SocketRocket.framework */; settings = {ATTRIBUTES = (CodeSignOnCopy, RemoveHeadersOnCopy, ); }; };
		0147489621567406005014D3 /* PromiseKit.framework in Frameworks */ = {isa = PBXBuildFile; fileRef = 0147488921566FBB005014D3 /* PromiseKit.framework */; };
		0147489721567406005014D3 /* PromiseKit.framework in Embed Frameworks */ = {isa = PBXBuildFile; fileRef = 0147488921566FBB005014D3 /* PromiseKit.framework */; settings = {ATTRIBUTES = (CodeSignOnCopy, RemoveHeadersOnCopy, ); }; };
		0147EDC11D21FAD800FB4324 /* AppDelegate.swift in Sources */ = {isa = PBXBuildFile; fileRef = 0147EDC01D21FAD800FB4324 /* AppDelegate.swift */; };
		0147EDC81D21FAD800FB4324 /* Main.storyboard in Resources */ = {isa = PBXBuildFile; fileRef = 0147EDC61D21FAD800FB4324 /* Main.storyboard */; };
		0147EDDB1D221A2800FB4324 /* DownloadsTableCellView.swift in Sources */ = {isa = PBXBuildFile; fileRef = 0147EDDA1D221A2800FB4324 /* DownloadsTableCellView.swift */; };
		0147EDDE1D2381EA00FB4324 /* MainListViewController.swift in Sources */ = {isa = PBXBuildFile; fileRef = 0147EDDC1D2381EA00FB4324 /* MainListViewController.swift */; };
		014D3B561EDBF2D000E3ABC0 /* Aria2D.conf in Resources */ = {isa = PBXBuildFile; fileRef = 014D3B551EDBF2D000E3ABC0 /* Aria2D.conf */; };
		0154156B1E371583007ECB29 /* URLSecurityScope.swift in Sources */ = {isa = PBXBuildFile; fileRef = 0154156A1E371583007ECB29 /* URLSecurityScope.swift */; };
		016A3E381E8A9FA100CC1999 /* Aria2Option.swift in Sources */ = {isa = PBXBuildFile; fileRef = 016A3E371E8A9FA100CC1999 /* Aria2Option.swift */; };
		016A8F421F6BC407000D995E /* ReceivedJSONTableCellView.swift in Sources */ = {isa = PBXBuildFile; fileRef = 016A8F411F6BC407000D995E /* ReceivedJSONTableCellView.swift */; };
		016C403C1D9E8D2800EB27A2 /* DownloadUrlTextField.swift in Sources */ = {isa = PBXBuildFile; fileRef = 016C403B1D9E8D2800EB27A2 /* DownloadUrlTextField.swift */; };
		016C40591DA27C5B00EB27A2 /* AboutAria2DWindow.swift in Sources */ = {isa = PBXBuildFile; fileRef = 016C40581DA27C5B00EB27A2 /* AboutAria2DWindow.swift */; };
		016C405E1DA29A4100EB27A2 /* AboutAria2D.swift in Sources */ = {isa = PBXBuildFile; fileRef = 016C405D1DA29A4100EB27A2 /* AboutAria2D.swift */; };
		016C98F91DB1C0A000955C09 /* HUD.swift in Sources */ = {isa = PBXBuildFile; fileRef = 016C98F81DB1C0A000955C09 /* HUD.swift */; };
		016CF8F61ED52E5C001336F1 /* AdvancedViewController.swift in Sources */ = {isa = PBXBuildFile; fileRef = 016CF8F51ED52E5C001336F1 /* AdvancedViewController.swift */; };
		016FDC6F1E73F10E00E01B35 /* ByteFileFormatter.swift in Sources */ = {isa = PBXBuildFile; fileRef = 016FDC6E1E73F10E00E01B35 /* ByteFileFormatter.swift */; };
		016FDC7B1E7D674200E01B35 /* LogViewController.swift in Sources */ = {isa = PBXBuildFile; fileRef = 016FDC7A1E7D674200E01B35 /* LogViewController.swift */; };
		017557BD1F6CD18D004C02F3 /* StatusCollectionViewItem.xib in Resources */ = {isa = PBXBuildFile; fileRef = 017557BC1F6CD18D004C02F3 /* StatusCollectionViewItem.xib */; };
		01789B1B1D9C995300A5B789 /* NewTaskViewController.swift in Sources */ = {isa = PBXBuildFile; fileRef = 01789B1A1D9C995300A5B789 /* NewTaskViewController.swift */; };
		018B9B581D72B2EA0087B71E /* WaitTimer.swift in Sources */ = {isa = PBXBuildFile; fileRef = 018B9B571D72B2EA0087B71E /* WaitTimer.swift */; };
		018E894F1D34FF5B000C71B0 /* DataManager.swift in Sources */ = {isa = PBXBuildFile; fileRef = 018E89491D34FF5B000C71B0 /* DataManager.swift */; };
		018E89601D34FFA8000C71B0 /* Aria2c.swift in Sources */ = {isa = PBXBuildFile; fileRef = 018E895F1D34FFA8000C71B0 /* Aria2c.swift */; };
		018E89621D34FFB1000C71B0 /* ViewControllersManager.swift in Sources */ = {isa = PBXBuildFile; fileRef = 018E89611D34FFB1000C71B0 /* ViewControllersManager.swift */; };
		018E89641D34FFCC000C71B0 /* EnumList.swift in Sources */ = {isa = PBXBuildFile; fileRef = 018E89631D34FFCC000C71B0 /* EnumList.swift */; };
		018E896E1D350075000C71B0 /* PreferencesWindow.swift in Sources */ = {isa = PBXBuildFile; fileRef = 018E896A1D350075000C71B0 /* PreferencesWindow.swift */; };
		018E896F1D350075000C71B0 /* PreferencesTabViewController.swift in Sources */ = {isa = PBXBuildFile; fileRef = 018E896B1D350075000C71B0 /* PreferencesTabViewController.swift */; };
		018E89701D350075000C71B0 /* Preferences.swift in Sources */ = {isa = PBXBuildFile; fileRef = 018E896C1D350075000C71B0 /* Preferences.swift */; };
		018E89711D350075000C71B0 /* GeneralViewController.swift in Sources */ = {isa = PBXBuildFile; fileRef = 018E896D1D350075000C71B0 /* GeneralViewController.swift */; };
		018F5C3C1F298E1900B2150A /* JSONDecoder.swift in Sources */ = {isa = PBXBuildFile; fileRef = 018F5C3B1F298E1900B2150A /* JSONDecoder.swift */; };
		019BFF6321267A6400E715CC /* Aria2ErrorCode.swift in Sources */ = {isa = PBXBuildFile; fileRef = 019BFF6221267A6400E715CC /* Aria2ErrorCode.swift */; };
		019C5CAD1EEA2E4D00B89B95 /* Identifiers.swift in Sources */ = {isa = PBXBuildFile; fileRef = 019C5CAC1EEA2E4D00B89B95 /* Identifiers.swift */; };
		019E3DBA215BBDEE00FDD1F8 /* MainListTableView.swift in Sources */ = {isa = PBXBuildFile; fileRef = 019E3DB9215BBDEE00FDD1F8 /* MainListTableView.swift */; };
		019FADA01EA65B880032A60B /* LogWindowController.swift in Sources */ = {isa = PBXBuildFile; fileRef = 019FAD9F1EA65B880032A60B /* LogWindowController.swift */; };
		01A0B4291DCB25FD0053FB9B /* LoadingView.swift in Sources */ = {isa = PBXBuildFile; fileRef = 01A0B4281DCB25FD0053FB9B /* LoadingView.swift */; };
		01A5350221282C7000E5C88C /* Aria2OptionCellView.swift in Sources */ = {isa = PBXBuildFile; fileRef = 01A5350121282C7000E5C88C /* Aria2OptionCellView.swift */; };
		01A5350C212871F700E5C88C /* Aria2Methods.swift in Sources */ = {isa = PBXBuildFile; fileRef = 01A5350B212871F700E5C88C /* Aria2Methods.swift */; };
		01A5350E212872FA00E5C88C /* Aria2OptionTooltip.swift in Sources */ = {isa = PBXBuildFile; fileRef = 01A5350D212872FA00E5C88C /* Aria2OptionTooltip.swift */; };
		01A5351B2129512000E5C88C /* Localizable.strings in Resources */ = {isa = PBXBuildFile; fileRef = 01A5351D2129512000E5C88C /* Localizable.strings */; };
		01BC4F951E443A6500417221 /* SafeSubscript.swift in Sources */ = {isa = PBXBuildFile; fileRef = 01BC4F941E443A6500417221 /* SafeSubscript.swift */; };
		01D2BF3E1E99038000A41969 /* DoubleClickTextField.swift in Sources */ = {isa = PBXBuildFile; fileRef = 01D2BF3D1E99038000A41969 /* DoubleClickTextField.swift */; };
		01DD0D0B1D25012F0042ECEB /* MainSplitView.swift in Sources */ = {isa = PBXBuildFile; fileRef = 01DD0D0A1D25012F0042ECEB /* MainSplitView.swift */; };
		01E9068B219BF70900928580 /* Aria2D.xcdatamodeld in Sources */ = {isa = PBXBuildFile; fileRef = 01E90689219BF70800928580 /* Aria2D.xcdatamodeld */; };
		01E906AF219C518B00928580 /* Aria2Object+CoreDataClass.swift in Sources */ = {isa = PBXBuildFile; fileRef = 01E906A7219C518B00928580 /* Aria2Object+CoreDataClass.swift */; };
		01E906B0219C518B00928580 /* Aria2Object+CoreDataProperties.swift in Sources */ = {isa = PBXBuildFile; fileRef = 01E906A8219C518B00928580 /* Aria2Object+CoreDataProperties.swift */; };
		01E906B1219C518B00928580 /* Aria2Bittorrent+CoreDataClass.swift in Sources */ = {isa = PBXBuildFile; fileRef = 01E906A9219C518B00928580 /* Aria2Bittorrent+CoreDataClass.swift */; };
		01E906B2219C518B00928580 /* Aria2Bittorrent+CoreDataProperties.swift in Sources */ = {isa = PBXBuildFile; fileRef = 01E906AA219C518B00928580 /* Aria2Bittorrent+CoreDataProperties.swift */; };
		01E906B3219C518B00928580 /* Aria2Uri+CoreDataClass.swift in Sources */ = {isa = PBXBuildFile; fileRef = 01E906AB219C518B00928580 /* Aria2Uri+CoreDataClass.swift */; };
		01E906B4219C518B00928580 /* Aria2Uri+CoreDataProperties.swift in Sources */ = {isa = PBXBuildFile; fileRef = 01E906AC219C518B00928580 /* Aria2Uri+CoreDataProperties.swift */; };
		01E906B5219C518B00928580 /* Aria2File+CoreDataClass.swift in Sources */ = {isa = PBXBuildFile; fileRef = 01E906AD219C518B00928580 /* Aria2File+CoreDataClass.swift */; };
		01E906B6219C518B00928580 /* Aria2File+CoreDataProperties.swift in Sources */ = {isa = PBXBuildFile; fileRef = 01E906AE219C518B00928580 /* Aria2File+CoreDataProperties.swift */; };
		01E906C1219C682700928580 /* Aria2List+CoreDataClass.swift in Sources */ = {isa = PBXBuildFile; fileRef = 01E906BF219C682700928580 /* Aria2List+CoreDataClass.swift */; };
		01E906C2219C682700928580 /* Aria2List+CoreDataProperties.swift in Sources */ = {isa = PBXBuildFile; fileRef = 01E906C0219C682700928580 /* Aria2List+CoreDataProperties.swift */; };
		01E906C7219FCAB000928580 /* WebSocketLog+CoreDataClass.swift in Sources */ = {isa = PBXBuildFile; fileRef = 01E906C5219FCAB000928580 /* WebSocketLog+CoreDataClass.swift */; };
		01E906C8219FCAB000928580 /* WebSocketLog+CoreDataProperties.swift in Sources */ = {isa = PBXBuildFile; fileRef = 01E906C6219FCAB000928580 /* WebSocketLog+CoreDataProperties.swift */; };
		01EB1CBA1D61FC1400F2925F /* RightTabView.swift in Sources */ = {isa = PBXBuildFile; fileRef = 01EB1CB91D61FC1400F2925F /* RightTabView.swift */; };
		01F20B301D367ADB009AB30D /* DownloadsMenu.swift in Sources */ = {isa = PBXBuildFile; fileRef = 01F20B2F1D367ADB009AB30D /* DownloadsMenu.swift */; };
		01F6C4FB21339F840009672A /* libkevlar.a in Frameworks */ = {isa = PBXBuildFile; fileRef = 01F6C4F921339F830009672A /* libkevlar.a */; };
/* End PBXBuildFile section */

/* Begin PBXCopyFilesBuildPhase section */
		010F0ED920F83B4100F33553 /* Embed Frameworks */ = {
			isa = PBXCopyFilesBuildPhase;
			buildActionMask = 2147483647;
			dstPath = "";
			dstSubfolderSpec = 10;
			files = (
				01474895215673CC005014D3 /* SocketRocket.framework in Embed Frameworks */,
				0147489721567406005014D3 /* PromiseKit.framework in Embed Frameworks */,
				010F0EDF20F8582C00F33553 /* DevMateKit.framework in Embed Frameworks */,
			);
			name = "Embed Frameworks";
			runOnlyForDeploymentPostprocessing = 0;
		};
		01D82A141F145E59003754E4 /* Copy Files */ = {
			isa = PBXCopyFilesBuildPhase;
			buildActionMask = 2147483647;
			dstPath = "";
			dstSubfolderSpec = 16;
			files = (
				0147488F21567006005014D3 /* PromiseKit.framework.dSYM in Copy Files */,
				010F0EEE20F8586C00F33553 /* SocketRocket.framework.dSYM in Copy Files */,
			);
			name = "Copy Files";
			runOnlyForDeploymentPostprocessing = 0;
		};
/* End PBXCopyFilesBuildPhase section */

/* Begin PBXFileReference section */
		010B59171D3CF66600550A43 /* MainMenu.swift */ = {isa = PBXFileReference; fileEncoding = 4; lastKnownFileType = sourcecode.swift; path = MainMenu.swift; sourceTree = "<group>"; };
		010D7C6D1F6BE54A005356D0 /* SidebarTableView.swift */ = {isa = PBXFileReference; lastKnownFileType = sourcecode.swift; path = SidebarTableView.swift; sourceTree = "<group>"; };
		010D7C6E1F6BE54A005356D0 /* SidebarViewController.swift */ = {isa = PBXFileReference; lastKnownFileType = sourcecode.swift; path = SidebarViewController.swift; sourceTree = "<group>"; };
		010D7C6F1F6BE54A005356D0 /* SidebarTableCellView.swift */ = {isa = PBXFileReference; lastKnownFileType = sourcecode.swift; path = SidebarTableCellView.swift; sourceTree = "<group>"; };
		010F0EE520F8586100F33553 /* SocketRocket.framework.dSYM */ = {isa = PBXFileReference; lastKnownFileType = wrapper.dsym; name = SocketRocket.framework.dSYM; path = Carthage/Build/Mac/SocketRocket.framework.dSYM; sourceTree = "<group>"; };
		0115D42E1E04E36E003EBFCD /* NotificationName.swift */ = {isa = PBXFileReference; fileEncoding = 4; lastKnownFileType = sourcecode.swift; path = NotificationName.swift; sourceTree = "<group>"; };
		0115D4321E04F09F003EBFCD /* SubString.swift */ = {isa = PBXFileReference; fileEncoding = 4; lastKnownFileType = sourcecode.swift; path = SubString.swift; sourceTree = "<group>"; };
		0115D4341E06AD99003EBFCD /* Aria2.swift */ = {isa = PBXFileReference; fileEncoding = 4; lastKnownFileType = sourcecode.swift; path = Aria2.swift; sourceTree = "<group>"; };
		011BEFC21E83D95000DCE205 /* ChangeOptionViewController.swift */ = {isa = PBXFileReference; fileEncoding = 4; lastKnownFileType = sourcecode.swift; path = ChangeOptionViewController.swift; sourceTree = "<group>"; };
		011E102B1D478EB300BD2E71 /* Assets.xcassets */ = {isa = PBXFileReference; lastKnownFileType = folder.assetcatalog; path = Assets.xcassets; sourceTree = "<group>"; };
		0126245D1ED16178007FF8AA /* Aria2D-Bridging-Header.h */ = {isa = PBXFileReference; lastKnownFileType = sourcecode.c.h; path = "Aria2D-Bridging-Header.h"; sourceTree = "<group>"; };
		012624641ED17AD9007FF8AA /* DMSwiftKevlar.h */ = {isa = PBXFileReference; fileEncoding = 4; lastKnownFileType = sourcecode.c.h; path = DMSwiftKevlar.h; sourceTree = "<group>"; };
		012624651ED17AD9007FF8AA /* DMSwiftKevlar.m */ = {isa = PBXFileReference; fileEncoding = 4; lastKnownFileType = sourcecode.c.objc; path = DMSwiftKevlar.m; sourceTree = "<group>"; };
		012A1BB11E174860007C4B46 /* Transformer.swift */ = {isa = PBXFileReference; fileEncoding = 4; lastKnownFileType = sourcecode.swift; path = Transformer.swift; sourceTree = "<group>"; };
		012ADEDC1F1461BC009E4110 /* DevMateKit.framework */ = {isa = PBXFileReference; lastKnownFileType = wrapper.framework; name = DevMateKit.framework; path = Carthage/Build/Mac/DevMateKit.framework; sourceTree = "<group>"; };
		012B572F2159267400D1AC03 /* FileNode.swift */ = {isa = PBXFileReference; lastKnownFileType = sourcecode.swift; path = FileNode.swift; sourceTree = "<group>"; };
		012C3AE51E1001CA00ABFE4C /* Log.swift */ = {isa = PBXFileReference; fileEncoding = 4; lastKnownFileType = sourcecode.swift; path = Log.swift; sourceTree = "<group>"; };
		012C3AED1E1010AD00ABFE4C /* Aria2Websocket.swift */ = {isa = PBXFileReference; fileEncoding = 4; lastKnownFileType = sourcecode.swift; path = Aria2Websocket.swift; sourceTree = "<group>"; };
		012CBD681F6CC55A00EFD1D4 /* StatusCollectionViewItem.swift */ = {isa = PBXFileReference; lastKnownFileType = sourcecode.swift; path = StatusCollectionViewItem.swift; sourceTree = "<group>"; };
		012CBD691F6CC55A00EFD1D4 /* StatusCollectionViewItemView.swift */ = {isa = PBXFileReference; lastKnownFileType = sourcecode.swift; path = StatusCollectionViewItemView.swift; sourceTree = "<group>"; };
		012CBD6A1F6CC55A00EFD1D4 /* StatusDicTableCellView.swift */ = {isa = PBXFileReference; lastKnownFileType = sourcecode.swift; path = StatusDicTableCellView.swift; sourceTree = "<group>"; };
		012CBD6B1F6CC55A00EFD1D4 /* StatusBitfieldTableCellView.swift */ = {isa = PBXFileReference; lastKnownFileType = sourcecode.swift; path = StatusBitfieldTableCellView.swift; sourceTree = "<group>"; };
		012CBD721F6CC57F00EFD1D4 /* InfoWindowController.swift */ = {isa = PBXFileReference; lastKnownFileType = sourcecode.swift; path = InfoWindowController.swift; sourceTree = "<group>"; };
		012CBD731F6CC57F00EFD1D4 /* InfoViewController.swift */ = {isa = PBXFileReference; lastKnownFileType = sourcecode.swift; path = InfoViewController.swift; sourceTree = "<group>"; };
		012CBD741F6CC57F00EFD1D4 /* NSTableViewPopoverSegue.swift */ = {isa = PBXFileReference; lastKnownFileType = sourcecode.swift; path = NSTableViewPopoverSegue.swift; sourceTree = "<group>"; };
		0130D74D1F13E9F500F11DBC /* JSONModels.swift */ = {isa = PBXFileReference; lastKnownFileType = sourcecode.swift; path = JSONModels.swift; sourceTree = "<group>"; };
		013817661D238E0100E0F926 /* MainWindowController.swift */ = {isa = PBXFileReference; fileEncoding = 4; lastKnownFileType = sourcecode.swift; path = MainWindowController.swift; sourceTree = "<group>"; };
		013ABB9D1E4C588E008D370D /* ServerListArrayController.swift */ = {isa = PBXFileReference; fileEncoding = 4; lastKnownFileType = sourcecode.swift; path = ServerListArrayController.swift; sourceTree = "<group>"; };
		013ABB9F1E51B305008D370D /* SetServersViewController.swift */ = {isa = PBXFileReference; fileEncoding = 4; lastKnownFileType = sourcecode.swift; path = SetServersViewController.swift; sourceTree = "<group>"; };
		0147488921566FBB005014D3 /* PromiseKit.framework */ = {isa = PBXFileReference; lastKnownFileType = wrapper.framework; name = PromiseKit.framework; path = Carthage/Build/Mac/PromiseKit.framework; sourceTree = "<group>"; };
		0147488A21566FBC005014D3 /* PromiseKit.framework.dSYM */ = {isa = PBXFileReference; lastKnownFileType = wrapper.dsym; name = PromiseKit.framework.dSYM; path = Carthage/Build/Mac/PromiseKit.framework.dSYM; sourceTree = "<group>"; };
		01474892215673C6005014D3 /* SocketRocket.framework */ = {isa = PBXFileReference; lastKnownFileType = wrapper.framework; name = SocketRocket.framework; path = Carthage/Build/Mac/SocketRocket.framework; sourceTree = "<group>"; };
		0147EDBD1D21FAD800FB4324 /* Aria2D.app */ = {isa = PBXFileReference; explicitFileType = wrapper.application; includeInIndex = 0; path = Aria2D.app; sourceTree = BUILT_PRODUCTS_DIR; };
		0147EDC01D21FAD800FB4324 /* AppDelegate.swift */ = {isa = PBXFileReference; lastKnownFileType = sourcecode.swift; path = AppDelegate.swift; sourceTree = "<group>"; };
		0147EDC71D21FAD800FB4324 /* Base */ = {isa = PBXFileReference; lastKnownFileType = file.storyboard; name = Base; path = Base.lproj/Main.storyboard; sourceTree = "<group>"; };
		0147EDC91D21FAD800FB4324 /* Info.plist */ = {isa = PBXFileReference; lastKnownFileType = text.plist.xml; path = Info.plist; sourceTree = "<group>"; };
		0147EDDA1D221A2800FB4324 /* DownloadsTableCellView.swift */ = {isa = PBXFileReference; fileEncoding = 4; lastKnownFileType = sourcecode.swift; path = DownloadsTableCellView.swift; sourceTree = "<group>"; };
		0147EDDC1D2381EA00FB4324 /* MainListViewController.swift */ = {isa = PBXFileReference; fileEncoding = 4; lastKnownFileType = sourcecode.swift; path = MainListViewController.swift; sourceTree = "<group>"; };
		014D3B551EDBF2D000E3ABC0 /* Aria2D.conf */ = {isa = PBXFileReference; fileEncoding = 4; lastKnownFileType = text; path = Aria2D.conf; sourceTree = "<group>"; };
		0154156A1E371583007ECB29 /* URLSecurityScope.swift */ = {isa = PBXFileReference; fileEncoding = 4; lastKnownFileType = sourcecode.swift; path = URLSecurityScope.swift; sourceTree = "<group>"; };
		016A3E371E8A9FA100CC1999 /* Aria2Option.swift */ = {isa = PBXFileReference; fileEncoding = 4; lastKnownFileType = sourcecode.swift; path = Aria2Option.swift; sourceTree = "<group>"; };
		016A8F411F6BC407000D995E /* ReceivedJSONTableCellView.swift */ = {isa = PBXFileReference; lastKnownFileType = sourcecode.swift; path = ReceivedJSONTableCellView.swift; sourceTree = "<group>"; };
		016C403B1D9E8D2800EB27A2 /* DownloadUrlTextField.swift */ = {isa = PBXFileReference; fileEncoding = 4; lastKnownFileType = sourcecode.swift; path = DownloadUrlTextField.swift; sourceTree = "<group>"; };
		016C40581DA27C5B00EB27A2 /* AboutAria2DWindow.swift */ = {isa = PBXFileReference; fileEncoding = 4; lastKnownFileType = sourcecode.swift; path = AboutAria2DWindow.swift; sourceTree = "<group>"; };
		016C405D1DA29A4100EB27A2 /* AboutAria2D.swift */ = {isa = PBXFileReference; fileEncoding = 4; lastKnownFileType = sourcecode.swift; path = AboutAria2D.swift; sourceTree = "<group>"; };
		016C98F81DB1C0A000955C09 /* HUD.swift */ = {isa = PBXFileReference; fileEncoding = 4; lastKnownFileType = sourcecode.swift; path = HUD.swift; sourceTree = "<group>"; };
		016CF8F41ED41618001336F1 /* Aria2D.entitlements */ = {isa = PBXFileReference; lastKnownFileType = text.plist.entitlements; path = Aria2D.entitlements; sourceTree = "<group>"; };
		016CF8F51ED52E5C001336F1 /* AdvancedViewController.swift */ = {isa = PBXFileReference; fileEncoding = 4; lastKnownFileType = sourcecode.swift; path = AdvancedViewController.swift; sourceTree = "<group>"; };
		016FDC6E1E73F10E00E01B35 /* ByteFileFormatter.swift */ = {isa = PBXFileReference; fileEncoding = 4; lastKnownFileType = sourcecode.swift; path = ByteFileFormatter.swift; sourceTree = "<group>"; };
		016FDC7A1E7D674200E01B35 /* LogViewController.swift */ = {isa = PBXFileReference; fileEncoding = 4; lastKnownFileType = sourcecode.swift; path = LogViewController.swift; sourceTree = "<group>"; };
		017557BC1F6CD18D004C02F3 /* StatusCollectionViewItem.xib */ = {isa = PBXFileReference; lastKnownFileType = file.xib; path = StatusCollectionViewItem.xib; sourceTree = "<group>"; };
		01789B1A1D9C995300A5B789 /* NewTaskViewController.swift */ = {isa = PBXFileReference; fileEncoding = 4; lastKnownFileType = sourcecode.swift; path = NewTaskViewController.swift; sourceTree = "<group>"; };
		018B9B571D72B2EA0087B71E /* WaitTimer.swift */ = {isa = PBXFileReference; fileEncoding = 4; lastKnownFileType = sourcecode.swift; path = WaitTimer.swift; sourceTree = "<group>"; };
		018E89491D34FF5B000C71B0 /* DataManager.swift */ = {isa = PBXFileReference; fileEncoding = 4; lastKnownFileType = sourcecode.swift; path = DataManager.swift; sourceTree = "<group>"; };
		018E895F1D34FFA8000C71B0 /* Aria2c.swift */ = {isa = PBXFileReference; fileEncoding = 4; lastKnownFileType = sourcecode.swift; path = Aria2c.swift; sourceTree = "<group>"; };
		018E89611D34FFB1000C71B0 /* ViewControllersManager.swift */ = {isa = PBXFileReference; fileEncoding = 4; lastKnownFileType = sourcecode.swift; path = ViewControllersManager.swift; sourceTree = "<group>"; };
		018E89631D34FFCC000C71B0 /* EnumList.swift */ = {isa = PBXFileReference; fileEncoding = 4; lastKnownFileType = sourcecode.swift; path = EnumList.swift; sourceTree = "<group>"; };
		018E896A1D350075000C71B0 /* PreferencesWindow.swift */ = {isa = PBXFileReference; fileEncoding = 4; lastKnownFileType = sourcecode.swift; path = PreferencesWindow.swift; sourceTree = "<group>"; };
		018E896B1D350075000C71B0 /* PreferencesTabViewController.swift */ = {isa = PBXFileReference; fileEncoding = 4; lastKnownFileType = sourcecode.swift; path = PreferencesTabViewController.swift; sourceTree = "<group>"; };
		018E896C1D350075000C71B0 /* Preferences.swift */ = {isa = PBXFileReference; fileEncoding = 4; lastKnownFileType = sourcecode.swift; path = Preferences.swift; sourceTree = "<group>"; };
		018E896D1D350075000C71B0 /* GeneralViewController.swift */ = {isa = PBXFileReference; fileEncoding = 4; lastKnownFileType = sourcecode.swift; path = GeneralViewController.swift; sourceTree = "<group>"; };
		018F5C3B1F298E1900B2150A /* JSONDecoder.swift */ = {isa = PBXFileReference; lastKnownFileType = sourcecode.swift; path = JSONDecoder.swift; sourceTree = "<group>"; };
		019BFF6221267A6400E715CC /* Aria2ErrorCode.swift */ = {isa = PBXFileReference; lastKnownFileType = sourcecode.swift; path = Aria2ErrorCode.swift; sourceTree = "<group>"; };
		019C5CAC1EEA2E4D00B89B95 /* Identifiers.swift */ = {isa = PBXFileReference; lastKnownFileType = sourcecode.swift; path = Identifiers.swift; sourceTree = "<group>"; };
		019E3DB9215BBDEE00FDD1F8 /* MainListTableView.swift */ = {isa = PBXFileReference; lastKnownFileType = sourcecode.swift; path = MainListTableView.swift; sourceTree = "<group>"; };
		019FAD9F1EA65B880032A60B /* LogWindowController.swift */ = {isa = PBXFileReference; fileEncoding = 4; lastKnownFileType = sourcecode.swift; path = LogWindowController.swift; sourceTree = "<group>"; };
		01A0B4281DCB25FD0053FB9B /* LoadingView.swift */ = {isa = PBXFileReference; fileEncoding = 4; lastKnownFileType = sourcecode.swift; path = LoadingView.swift; sourceTree = "<group>"; };
		01A5350121282C7000E5C88C /* Aria2OptionCellView.swift */ = {isa = PBXFileReference; lastKnownFileType = sourcecode.swift; path = Aria2OptionCellView.swift; sourceTree = "<group>"; };
		01A5350B212871F700E5C88C /* Aria2Methods.swift */ = {isa = PBXFileReference; lastKnownFileType = sourcecode.swift; path = Aria2Methods.swift; sourceTree = "<group>"; };
		01A5350D212872FA00E5C88C /* Aria2OptionTooltip.swift */ = {isa = PBXFileReference; lastKnownFileType = sourcecode.swift; path = Aria2OptionTooltip.swift; sourceTree = "<group>"; };
		01A53518212943F500E5C88C /* zh-Hans */ = {isa = PBXFileReference; lastKnownFileType = text.plist.strings; name = "zh-Hans"; path = "zh-Hans.lproj/Main.strings"; sourceTree = "<group>"; };
		01A5351C2129512000E5C88C /* en */ = {isa = PBXFileReference; lastKnownFileType = text.plist.strings; name = en; path = en.lproj/Localizable.strings; sourceTree = "<group>"; };
		01A5351E2129512200E5C88C /* zh-Hans */ = {isa = PBXFileReference; lastKnownFileType = text.plist.strings; name = "zh-Hans"; path = "zh-Hans.lproj/Localizable.strings"; sourceTree = "<group>"; };
		01BC4F941E443A6500417221 /* SafeSubscript.swift */ = {isa = PBXFileReference; fileEncoding = 4; lastKnownFileType = sourcecode.swift; path = SafeSubscript.swift; sourceTree = "<group>"; };
		01D2BF3D1E99038000A41969 /* DoubleClickTextField.swift */ = {isa = PBXFileReference; fileEncoding = 4; lastKnownFileType = sourcecode.swift; path = DoubleClickTextField.swift; sourceTree = "<group>"; };
		01DD0D0A1D25012F0042ECEB /* MainSplitView.swift */ = {isa = PBXFileReference; fileEncoding = 4; lastKnownFileType = sourcecode.swift; path = MainSplitView.swift; sourceTree = "<group>"; };
		01E9068A219BF70800928580 /* Aria2D.xcdatamodel */ = {isa = PBXFileReference; lastKnownFileType = wrapper.xcdatamodel; path = Aria2D.xcdatamodel; sourceTree = "<group>"; };
		01E906A7219C518B00928580 /* Aria2Object+CoreDataClass.swift */ = {isa = PBXFileReference; lastKnownFileType = sourcecode.swift; path = "Aria2Object+CoreDataClass.swift"; sourceTree = "<group>"; };
		01E906A8219C518B00928580 /* Aria2Object+CoreDataProperties.swift */ = {isa = PBXFileReference; lastKnownFileType = sourcecode.swift; path = "Aria2Object+CoreDataProperties.swift"; sourceTree = "<group>"; };
		01E906A9219C518B00928580 /* Aria2Bittorrent+CoreDataClass.swift */ = {isa = PBXFileReference; lastKnownFileType = sourcecode.swift; path = "Aria2Bittorrent+CoreDataClass.swift"; sourceTree = "<group>"; };
		01E906AA219C518B00928580 /* Aria2Bittorrent+CoreDataProperties.swift */ = {isa = PBXFileReference; lastKnownFileType = sourcecode.swift; path = "Aria2Bittorrent+CoreDataProperties.swift"; sourceTree = "<group>"; };
		01E906AB219C518B00928580 /* Aria2Uri+CoreDataClass.swift */ = {isa = PBXFileReference; lastKnownFileType = sourcecode.swift; path = "Aria2Uri+CoreDataClass.swift"; sourceTree = "<group>"; };
		01E906AC219C518B00928580 /* Aria2Uri+CoreDataProperties.swift */ = {isa = PBXFileReference; lastKnownFileType = sourcecode.swift; path = "Aria2Uri+CoreDataProperties.swift"; sourceTree = "<group>"; };
		01E906AD219C518B00928580 /* Aria2File+CoreDataClass.swift */ = {isa = PBXFileReference; lastKnownFileType = sourcecode.swift; path = "Aria2File+CoreDataClass.swift"; sourceTree = "<group>"; };
		01E906AE219C518B00928580 /* Aria2File+CoreDataProperties.swift */ = {isa = PBXFileReference; lastKnownFileType = sourcecode.swift; path = "Aria2File+CoreDataProperties.swift"; sourceTree = "<group>"; };
		01E906BF219C682700928580 /* Aria2List+CoreDataClass.swift */ = {isa = PBXFileReference; lastKnownFileType = sourcecode.swift; path = "Aria2List+CoreDataClass.swift"; sourceTree = "<group>"; };
		01E906C0219C682700928580 /* Aria2List+CoreDataProperties.swift */ = {isa = PBXFileReference; lastKnownFileType = sourcecode.swift; path = "Aria2List+CoreDataProperties.swift"; sourceTree = "<group>"; };
		01E906C5219FCAB000928580 /* WebSocketLog+CoreDataClass.swift */ = {isa = PBXFileReference; lastKnownFileType = sourcecode.swift; path = "WebSocketLog+CoreDataClass.swift"; sourceTree = "<group>"; };
		01E906C6219FCAB000928580 /* WebSocketLog+CoreDataProperties.swift */ = {isa = PBXFileReference; lastKnownFileType = sourcecode.swift; path = "WebSocketLog+CoreDataProperties.swift"; sourceTree = "<group>"; };
		01EB1CB91D61FC1400F2925F /* RightTabView.swift */ = {isa = PBXFileReference; fileEncoding = 4; lastKnownFileType = sourcecode.swift; path = RightTabView.swift; sourceTree = "<group>"; };
		01F20B2F1D367ADB009AB30D /* DownloadsMenu.swift */ = {isa = PBXFileReference; fileEncoding = 4; lastKnownFileType = sourcecode.swift; path = DownloadsMenu.swift; sourceTree = "<group>"; };
		01F6C4F921339F830009672A /* libkevlar.a */ = {isa = PBXFileReference; lastKnownFileType = archive.ar; path = libkevlar.a; sourceTree = "<group>"; };
		01F6C4FA21339F840009672A /* DMKevlarApplication.h */ = {isa = PBXFileReference; fileEncoding = 4; lastKnownFileType = sourcecode.c.h; path = DMKevlarApplication.h; sourceTree = "<group>"; };
/* End PBXFileReference section */

/* Begin PBXFrameworksBuildPhase section */
		0147EDBA1D21FAD800FB4324 /* Frameworks */ = {
			isa = PBXFrameworksBuildPhase;
			buildActionMask = 2147483647;
			files = (
				0147489621567406005014D3 /* PromiseKit.framework in Frameworks */,
				01F6C4FB21339F840009672A /* libkevlar.a in Frameworks */,
				01474894215673CC005014D3 /* SocketRocket.framework in Frameworks */,
				010F0EDE20F8582C00F33553 /* DevMateKit.framework in Frameworks */,
			);
			runOnlyForDeploymentPostprocessing = 0;
		};
/* End PBXFrameworksBuildPhase section */

/* Begin PBXGroup section */
		0115D42D1E04E346003EBFCD /* Extensions */ = {
			isa = PBXGroup;
			children = (
				016FDC6E1E73F10E00E01B35 /* ByteFileFormatter.swift */,
				019C5CAC1EEA2E4D00B89B95 /* Identifiers.swift */,
				018F5C3B1F298E1900B2150A /* JSONDecoder.swift */,
				0115D42E1E04E36E003EBFCD /* NotificationName.swift */,
				01BC4F941E443A6500417221 /* SafeSubscript.swift */,
				0115D4321E04F09F003EBFCD /* SubString.swift */,
				012A1BB11E174860007C4B46 /* Transformer.swift */,
				0154156A1E371583007ECB29 /* URLSecurityScope.swift */,
			);
			path = Extensions;
			sourceTree = "<group>";
		};
		012624611ED174AC007FF8AA /* Kevlar */ = {
			isa = PBXGroup;
			children = (
				01F6C4FA21339F840009672A /* DMKevlarApplication.h */,
				01F6C4F921339F830009672A /* libkevlar.a */,
			);
			path = Kevlar;
			sourceTree = "<group>";
		};
		012C3AEB1E10102C00ABFE4C /* Aria2 */ = {
			isa = PBXGroup;
			children = (
				0115D4341E06AD99003EBFCD /* Aria2.swift */,
				012C3AED1E1010AD00ABFE4C /* Aria2Websocket.swift */,
				016A3E371E8A9FA100CC1999 /* Aria2Option.swift */,
				01A5350D212872FA00E5C88C /* Aria2OptionTooltip.swift */,
				01A5350B212871F700E5C88C /* Aria2Methods.swift */,
				018E895F1D34FFA8000C71B0 /* Aria2c.swift */,
				019BFF6221267A6400E715CC /* Aria2ErrorCode.swift */,
			);
			path = Aria2;
			sourceTree = "<group>";
		};
		012C3AEC1E10104600ABFE4C /* Other */ = {
			isa = PBXGroup;
			children = (
				018E89631D34FFCC000C71B0 /* EnumList.swift */,
				012C3AE51E1001CA00ABFE4C /* Log.swift */,
				018B9B571D72B2EA0087B71E /* WaitTimer.swift */,
			);
			path = Other;
			sourceTree = "<group>";
		};
		012CBD701F6CC56700EFD1D4 /* StatusView */ = {
			isa = PBXGroup;
			children = (
				012CBD6B1F6CC55A00EFD1D4 /* StatusBitfieldTableCellView.swift */,
				012CBD681F6CC55A00EFD1D4 /* StatusCollectionViewItem.swift */,
				017557BC1F6CD18D004C02F3 /* StatusCollectionViewItem.xib */,
				012CBD691F6CC55A00EFD1D4 /* StatusCollectionViewItemView.swift */,
				012CBD6A1F6CC55A00EFD1D4 /* StatusDicTableCellView.swift */,
			);
			path = StatusView;
			sourceTree = "<group>";
		};
		0147EDB41D21FAD800FB4324 = {
			isa = PBXGroup;
			children = (
				0165AF611D963CDF00469601 /* Aria2D */,
				6ACACE787527AEFD90491354 /* Frameworks */,
				012624611ED174AC007FF8AA /* Kevlar */,
				0147EDBE1D21FAD800FB4324 /* Products */,
			);
			sourceTree = "<group>";
		};
		0147EDBE1D21FAD800FB4324 /* Products */ = {
			isa = PBXGroup;
			children = (
				0147EDBD1D21FAD800FB4324 /* Aria2D.app */,
			);
			name = Products;
			sourceTree = "<group>";
		};
		0147EDBF1D21FAD800FB4324 /* Views */ = {
			isa = PBXGroup;
			children = (
				0147EDC61D21FAD800FB4324 /* Main.storyboard */,
				018E89611D34FFB1000C71B0 /* ViewControllersManager.swift */,
				018E89721D350079000C71B0 /* Preferences */,
				019BFF5E2125D90A00E715CC /* MainWindow */,
				0147EDD51D220BED00FB4324 /* Sidebar */,
				01EB1CBB1D61FC1D00F2925F /* MainList */,
				01713BD71D9BA998000240A2 /* NewTask */,
				0182E60C1EAEE90000E08454 /* Log */,
				016FDC781E7B9BD600E01B35 /* InfoView */,
				016C405A1DA27C6200EB27A2 /* AboutAria2D */,
			);
			path = Views;
			sourceTree = "<group>";
		};
		0147EDD51D220BED00FB4324 /* Sidebar */ = {
			isa = PBXGroup;
			children = (
				010D7C6E1F6BE54A005356D0 /* SidebarViewController.swift */,
				010D7C6D1F6BE54A005356D0 /* SidebarTableView.swift */,
				010D7C6F1F6BE54A005356D0 /* SidebarTableCellView.swift */,
			);
			path = Sidebar;
			sourceTree = "<group>";
		};
		0165AF611D963CDF00469601 /* Aria2D */ = {
			isa = PBXGroup;
			children = (
				01E90689219BF70800928580 /* Aria2D.xcdatamodeld */,
				018E892A1D34FEB7000C71B0 /* Resources */,
				018E89541D34FF60000C71B0 /* CoreData */,
				012C3AEB1E10102C00ABFE4C /* Aria2 */,
				018E89471D34FF48000C71B0 /* Source */,
				0147EDBF1D21FAD800FB4324 /* Views */,
				016CF8F41ED41618001336F1 /* Aria2D.entitlements */,
			);
			path = Aria2D;
			sourceTree = "<group>";
		};
		016C405A1DA27C6200EB27A2 /* AboutAria2D */ = {
			isa = PBXGroup;
			children = (
				016C40581DA27C5B00EB27A2 /* AboutAria2DWindow.swift */,
				016C405D1DA29A4100EB27A2 /* AboutAria2D.swift */,
			);
			path = AboutAria2D;
			sourceTree = "<group>";
		};
		016FDC781E7B9BD600E01B35 /* InfoView */ = {
			isa = PBXGroup;
			children = (
				012CBD701F6CC56700EFD1D4 /* StatusView */,
				012CBD721F6CC57F00EFD1D4 /* InfoWindowController.swift */,
				012CBD731F6CC57F00EFD1D4 /* InfoViewController.swift */,
				012B572F2159267400D1AC03 /* FileNode.swift */,
				011BEFC21E83D95000DCE205 /* ChangeOptionViewController.swift */,
				01D2BF3D1E99038000A41969 /* DoubleClickTextField.swift */,
				012CBD741F6CC57F00EFD1D4 /* NSTableViewPopoverSegue.swift */,
			);
			path = InfoView;
			sourceTree = "<group>";
		};
		01713BD71D9BA998000240A2 /* NewTask */ = {
			isa = PBXGroup;
			children = (
				01789B1A1D9C995300A5B789 /* NewTaskViewController.swift */,
				016C403B1D9E8D2800EB27A2 /* DownloadUrlTextField.swift */,
				01A5350121282C7000E5C88C /* Aria2OptionCellView.swift */,
			);
			path = NewTask;
			sourceTree = "<group>";
		};
		01789B1C1D9D207E00A5B789 /* Views */ = {
			isa = PBXGroup;
			children = (
				018E896D1D350075000C71B0 /* GeneralViewController.swift */,
				013ABB9F1E51B305008D370D /* SetServersViewController.swift */,
				013ABB9D1E4C588E008D370D /* ServerListArrayController.swift */,
				016CF8F51ED52E5C001336F1 /* AdvancedViewController.swift */,
			);
			path = Views;
			sourceTree = "<group>";
		};
		0182E60C1EAEE90000E08454 /* Log */ = {
			isa = PBXGroup;
			children = (
				019FAD9F1EA65B880032A60B /* LogWindowController.swift */,
				016FDC7A1E7D674200E01B35 /* LogViewController.swift */,
				016A8F411F6BC407000D995E /* ReceivedJSONTableCellView.swift */,
			);
			path = Log;
			sourceTree = "<group>";
		};
		018E892A1D34FEB7000C71B0 /* Resources */ = {
			isa = PBXGroup;
			children = (
				014D3B551EDBF2D000E3ABC0 /* Aria2D.conf */,
				011E102B1D478EB300BD2E71 /* Assets.xcassets */,
				0147EDC91D21FAD800FB4324 /* Info.plist */,
				01A5351D2129512000E5C88C /* Localizable.strings */,
			);
			path = Resources;
			sourceTree = "<group>";
		};
		018E89471D34FF48000C71B0 /* Source */ = {
			isa = PBXGroup;
			children = (
				0115D42D1E04E346003EBFCD /* Extensions */,
				012C3AEC1E10104600ABFE4C /* Other */,
				0147EDC01D21FAD800FB4324 /* AppDelegate.swift */,
				0126245D1ED16178007FF8AA /* Aria2D-Bridging-Header.h */,
				012624641ED17AD9007FF8AA /* DMSwiftKevlar.h */,
				012624651ED17AD9007FF8AA /* DMSwiftKevlar.m */,
				018E896C1D350075000C71B0 /* Preferences.swift */,
			);
			path = Source;
			sourceTree = "<group>";
		};
		018E89541D34FF60000C71B0 /* CoreData */ = {
			isa = PBXGroup;
			children = (
				018E89491D34FF5B000C71B0 /* DataManager.swift */,
				0130D74D1F13E9F500F11DBC /* JSONModels.swift */,
				01E906BF219C682700928580 /* Aria2List+CoreDataClass.swift */,
				01E906C0219C682700928580 /* Aria2List+CoreDataProperties.swift */,
				01E906A7219C518B00928580 /* Aria2Object+CoreDataClass.swift */,
				01E906A8219C518B00928580 /* Aria2Object+CoreDataProperties.swift */,
				01E906A9219C518B00928580 /* Aria2Bittorrent+CoreDataClass.swift */,
				01E906AA219C518B00928580 /* Aria2Bittorrent+CoreDataProperties.swift */,
				01E906AB219C518B00928580 /* Aria2Uri+CoreDataClass.swift */,
				01E906AC219C518B00928580 /* Aria2Uri+CoreDataProperties.swift */,
				01E906AD219C518B00928580 /* Aria2File+CoreDataClass.swift */,
				01E906AE219C518B00928580 /* Aria2File+CoreDataProperties.swift */,
				01E906C5219FCAB000928580 /* WebSocketLog+CoreDataClass.swift */,
				01E906C6219FCAB000928580 /* WebSocketLog+CoreDataProperties.swift */,
			);
			path = CoreData;
			sourceTree = "<group>";
		};
		018E89721D350079000C71B0 /* Preferences */ = {
			isa = PBXGroup;
			children = (
				018E896B1D350075000C71B0 /* PreferencesTabViewController.swift */,
				018E896A1D350075000C71B0 /* PreferencesWindow.swift */,
				01789B1C1D9D207E00A5B789 /* Views */,
			);
			path = Preferences;
			sourceTree = "<group>";
		};
		019BFF5E2125D90A00E715CC /* MainWindow */ = {
			isa = PBXGroup;
			children = (
				013817661D238E0100E0F926 /* MainWindowController.swift */,
				01DD0D0A1D25012F0042ECEB /* MainSplitView.swift */,
				010B59171D3CF66600550A43 /* MainMenu.swift */,
				016C98F81DB1C0A000955C09 /* HUD.swift */,
			);
			path = MainWindow;
			sourceTree = "<group>";
		};
		01EB1CBB1D61FC1D00F2925F /* MainList */ = {
			isa = PBXGroup;
			children = (
				0147EDDC1D2381EA00FB4324 /* MainListViewController.swift */,
				019E3DB9215BBDEE00FDD1F8 /* MainListTableView.swift */,
				0147EDDA1D221A2800FB4324 /* DownloadsTableCellView.swift */,
				01EB1CB91D61FC1400F2925F /* RightTabView.swift */,
				01A0B4281DCB25FD0053FB9B /* LoadingView.swift */,
				01F20B2F1D367ADB009AB30D /* DownloadsMenu.swift */,
			);
			path = MainList;
			sourceTree = "<group>";
		};
		6ACACE787527AEFD90491354 /* Frameworks */ = {
			isa = PBXGroup;
			children = (
				0147488A21566FBC005014D3 /* PromiseKit.framework.dSYM */,
				010F0EE520F8586100F33553 /* SocketRocket.framework.dSYM */,
				012ADEDC1F1461BC009E4110 /* DevMateKit.framework */,
				0147488921566FBB005014D3 /* PromiseKit.framework */,
				01474892215673C6005014D3 /* SocketRocket.framework */,
			);
			name = Frameworks;
			sourceTree = "<group>";
		};
/* End PBXGroup section */

/* Begin PBXNativeTarget section */
		0147EDBC1D21FAD800FB4324 /* Aria2D */ = {
			isa = PBXNativeTarget;
			buildConfigurationList = 0147EDCC1D21FAD800FB4324 /* Build configuration list for PBXNativeTarget "Aria2D" */;
			buildPhases = (
				0147EDB91D21FAD800FB4324 /* Sources */,
				0147EDBA1D21FAD800FB4324 /* Frameworks */,
				0147EDBB1D21FAD800FB4324 /* Resources */,
				01D82A141F145E59003754E4 /* Copy Files */,
				010F0ED920F83B4100F33553 /* Embed Frameworks */,
				019BFF5C2124838E00E715CC /* ShellScript */,
			);
			buildRules = (
			);
			dependencies = (
			);
			name = Aria2D;
			productName = Aria2D;
			productReference = 0147EDBD1D21FAD800FB4324 /* Aria2D.app */;
			productType = "com.apple.product-type.application";
		};
/* End PBXNativeTarget section */

/* Begin PBXProject section */
		0147EDB51D21FAD800FB4324 /* Project object */ = {
			isa = PBXProject;
			attributes = {
				LastSwiftUpdateCheck = 0810;
				LastUpgradeCheck = 0930;
				ORGANIZATIONNAME = xjbeta;
				TargetAttributes = {
					0147EDBC1D21FAD800FB4324 = {
						CreatedOnToolsVersion = 7.3.1;
						DevelopmentTeam = H7NSMSBU6A;
						LastSwiftMigration = 1000;
						ProvisioningStyle = Automatic;
						SystemCapabilities = {
							com.apple.InAppPurchase = {
								enabled = 0;
							};
							com.apple.Keychain = {
								enabled = 0;
							};
							com.apple.Push = {
								enabled = 1;
							};
							com.apple.Sandbox = {
								enabled = 0;
							};
						};
					};
				};
			};
			buildConfigurationList = 0147EDB81D21FAD800FB4324 /* Build configuration list for PBXProject "Aria2D" */;
			compatibilityVersion = "Xcode 3.2";
			developmentRegion = English;
			hasScannedForEncodings = 0;
			knownRegions = (
				en,
				Base,
				"zh-Hans",
			);
			mainGroup = 0147EDB41D21FAD800FB4324;
			productRefGroup = 0147EDBE1D21FAD800FB4324 /* Products */;
			projectDirPath = "";
			projectRoot = "";
			targets = (
				0147EDBC1D21FAD800FB4324 /* Aria2D */,
			);
		};
/* End PBXProject section */

/* Begin PBXResourcesBuildPhase section */
		0147EDBB1D21FAD800FB4324 /* Resources */ = {
			isa = PBXResourcesBuildPhase;
			buildActionMask = 2147483647;
			files = (
				01A5351B2129512000E5C88C /* Localizable.strings in Resources */,
				0147EDC81D21FAD800FB4324 /* Main.storyboard in Resources */,
				011E102C1D478EB300BD2E71 /* Assets.xcassets in Resources */,
				017557BD1F6CD18D004C02F3 /* StatusCollectionViewItem.xib in Resources */,
				014D3B561EDBF2D000E3ABC0 /* Aria2D.conf in Resources */,
			);
			runOnlyForDeploymentPostprocessing = 0;
		};
/* End PBXResourcesBuildPhase section */

/* Begin PBXShellScriptBuildPhase section */
		019BFF5C2124838E00E715CC /* ShellScript */ = {
			isa = PBXShellScriptBuildPhase;
			buildActionMask = 8;
			files = (
			);
			inputFileListPaths = (
			);
			inputPaths = (
			);
			outputFileListPaths = (
			);
			outputPaths = (
			);
			runOnlyForDeploymentPostprocessing = 1;
			shellPath = /bin/sh;
			shellScript = "#!/bin/bash\nBUILD_NUMBER=`git rev-list --all --count`\n/usr/libexec/PlistBuddy -c \"Set :CFBundleVersion $BUILD_NUMBER\" \"${TARGET_BUILD_DIR}\"/\"${INFOPLIST_PATH}\"\n";
		};
/* End PBXShellScriptBuildPhase section */

/* Begin PBXSourcesBuildPhase section */
		0147EDB91D21FAD800FB4324 /* Sources */ = {
			isa = PBXSourcesBuildPhase;
			buildActionMask = 2147483647;
			files = (
				012C3AEE1E1010AD00ABFE4C /* Aria2Websocket.swift in Sources */,
				0130D74E1F13E9F500F11DBC /* JSONModels.swift in Sources */,
				01E906B6219C518B00928580 /* Aria2File+CoreDataProperties.swift in Sources */,
				0147EDDE1D2381EA00FB4324 /* MainListViewController.swift in Sources */,
				013817671D238E0100E0F926 /* MainWindowController.swift in Sources */,
				012C3AE61E1001CA00ABFE4C /* Log.swift in Sources */,
				018E89621D34FFB1000C71B0 /* ViewControllersManager.swift in Sources */,
				01E906C1219C682700928580 /* Aria2List+CoreDataClass.swift in Sources */,
				016C405E1DA29A4100EB27A2 /* AboutAria2D.swift in Sources */,
				018E896E1D350075000C71B0 /* PreferencesWindow.swift in Sources */,
				0154156B1E371583007ECB29 /* URLSecurityScope.swift in Sources */,
				01DD0D0B1D25012F0042ECEB /* MainSplitView.swift in Sources */,
				01E906C7219FCAB000928580 /* WebSocketLog+CoreDataClass.swift in Sources */,
				01E906B1219C518B00928580 /* Aria2Bittorrent+CoreDataClass.swift in Sources */,
				01E906B0219C518B00928580 /* Aria2Object+CoreDataProperties.swift in Sources */,
				018F5C3C1F298E1900B2150A /* JSONDecoder.swift in Sources */,
				0115D4331E04F09F003EBFCD /* SubString.swift in Sources */,
				01A0B4291DCB25FD0053FB9B /* LoadingView.swift in Sources */,
				016C403C1D9E8D2800EB27A2 /* DownloadUrlTextField.swift in Sources */,
				01789B1B1D9C995300A5B789 /* NewTaskViewController.swift in Sources */,
				012CBD761F6CC57F00EFD1D4 /* InfoWindowController.swift in Sources */,
				018E89601D34FFA8000C71B0 /* Aria2c.swift in Sources */,
				0147EDC11D21FAD800FB4324 /* AppDelegate.swift in Sources */,
				01E906B3219C518B00928580 /* Aria2Uri+CoreDataClass.swift in Sources */,
				012CBD6F1F6CC55A00EFD1D4 /* StatusBitfieldTableCellView.swift in Sources */,
				012CBD771F6CC57F00EFD1D4 /* InfoViewController.swift in Sources */,
				016C40591DA27C5B00EB27A2 /* AboutAria2DWindow.swift in Sources */,
				011BEFC31E83D95000DCE205 /* ChangeOptionViewController.swift in Sources */,
				016C98F91DB1C0A000955C09 /* HUD.swift in Sources */,
				018E89641D34FFCC000C71B0 /* EnumList.swift in Sources */,
				018B9B581D72B2EA0087B71E /* WaitTimer.swift in Sources */,
				012CBD6D1F6CC55A00EFD1D4 /* StatusCollectionViewItemView.swift in Sources */,
				010D7C711F6BE54A005356D0 /* SidebarViewController.swift in Sources */,
				016A3E381E8A9FA100CC1999 /* Aria2Option.swift in Sources */,
				012B57302159267400D1AC03 /* FileNode.swift in Sources */,
				0147EDDB1D221A2800FB4324 /* DownloadsTableCellView.swift in Sources */,
				010D7C701F6BE54A005356D0 /* SidebarTableView.swift in Sources */,
				01BC4F951E443A6500417221 /* SafeSubscript.swift in Sources */,
				019BFF6321267A6400E715CC /* Aria2ErrorCode.swift in Sources */,
				016FDC6F1E73F10E00E01B35 /* ByteFileFormatter.swift in Sources */,
				010D7C721F6BE54A005356D0 /* SidebarTableCellView.swift in Sources */,
				01E906C2219C682700928580 /* Aria2List+CoreDataProperties.swift in Sources */,
				010B59181D3CF66600550A43 /* MainMenu.swift in Sources */,
				01F20B301D367ADB009AB30D /* DownloadsMenu.swift in Sources */,
				01D2BF3E1E99038000A41969 /* DoubleClickTextField.swift in Sources */,
				0115D42F1E04E36E003EBFCD /* NotificationName.swift in Sources */,
				016CF8F61ED52E5C001336F1 /* AdvancedViewController.swift in Sources */,
				012624661ED17AD9007FF8AA /* DMSwiftKevlar.m in Sources */,
				012A1BB21E174860007C4B46 /* Transformer.swift in Sources */,
				013ABB9E1E4C588E008D370D /* ServerListArrayController.swift in Sources */,
				019C5CAD1EEA2E4D00B89B95 /* Identifiers.swift in Sources */,
				01E906AF219C518B00928580 /* Aria2Object+CoreDataClass.swift in Sources */,
				018E896F1D350075000C71B0 /* PreferencesTabViewController.swift in Sources */,
				01E906B5219C518B00928580 /* Aria2File+CoreDataClass.swift in Sources */,
				013ABBA01E51B305008D370D /* SetServersViewController.swift in Sources */,
				019FADA01EA65B880032A60B /* LogWindowController.swift in Sources */,
				01A5350C212871F700E5C88C /* Aria2Methods.swift in Sources */,
				019E3DBA215BBDEE00FDD1F8 /* MainListTableView.swift in Sources */,
				01E9068B219BF70900928580 /* Aria2D.xcdatamodeld in Sources */,
				01A5350E212872FA00E5C88C /* Aria2OptionTooltip.swift in Sources */,
				01E906B4219C518B00928580 /* Aria2Uri+CoreDataProperties.swift in Sources */,
				018E894F1D34FF5B000C71B0 /* DataManager.swift in Sources */,
				0115D4351E06AD99003EBFCD /* Aria2.swift in Sources */,
				016FDC7B1E7D674200E01B35 /* LogViewController.swift in Sources */,
				018E89701D350075000C71B0 /* Preferences.swift in Sources */,
				01E906B2219C518B00928580 /* Aria2Bittorrent+CoreDataProperties.swift in Sources */,
				01E906C8219FCAB000928580 /* WebSocketLog+CoreDataProperties.swift in Sources */,
				018E89711D350075000C71B0 /* GeneralViewController.swift in Sources */,
				012CBD6E1F6CC55A00EFD1D4 /* StatusDicTableCellView.swift in Sources */,
				01EB1CBA1D61FC1400F2925F /* RightTabView.swift in Sources */,
				01A5350221282C7000E5C88C /* Aria2OptionCellView.swift in Sources */,
				016A8F421F6BC407000D995E /* ReceivedJSONTableCellView.swift in Sources */,
				012CBD781F6CC57F00EFD1D4 /* NSTableViewPopoverSegue.swift in Sources */,
				012CBD6C1F6CC55A00EFD1D4 /* StatusCollectionViewItem.swift in Sources */,
			);
			runOnlyForDeploymentPostprocessing = 0;
		};
/* End PBXSourcesBuildPhase section */

/* Begin PBXVariantGroup section */
		0147EDC61D21FAD800FB4324 /* Main.storyboard */ = {
			isa = PBXVariantGroup;
			children = (
				0147EDC71D21FAD800FB4324 /* Base */,
				01A53518212943F500E5C88C /* zh-Hans */,
			);
			name = Main.storyboard;
			path = .;
			sourceTree = "<group>";
		};
		01A5351D2129512000E5C88C /* Localizable.strings */ = {
			isa = PBXVariantGroup;
			children = (
				01A5351C2129512000E5C88C /* en */,
				01A5351E2129512200E5C88C /* zh-Hans */,
			);
			name = Localizable.strings;
			sourceTree = "<group>";
		};
/* End PBXVariantGroup section */

/* Begin XCBuildConfiguration section */
		0147EDCA1D21FAD800FB4324 /* Debug */ = {
			isa = XCBuildConfiguration;
			buildSettings = {
				ALWAYS_EMBED_SWIFT_STANDARD_LIBRARIES = NO;
				ALWAYS_SEARCH_USER_PATHS = NO;
				CLANG_ANALYZER_LOCALIZABILITY_NONLOCALIZED = YES;
				CLANG_ANALYZER_NONNULL = YES;
				CLANG_CXX_LANGUAGE_STANDARD = "gnu++14";
				CLANG_CXX_LIBRARY = "libc++";
				CLANG_ENABLE_MODULES = YES;
				CLANG_ENABLE_OBJC_ARC = YES;
				CLANG_WARN_BLOCK_CAPTURE_AUTORELEASING = YES;
				CLANG_WARN_BOOL_CONVERSION = YES;
				CLANG_WARN_COMMA = YES;
				CLANG_WARN_CONSTANT_CONVERSION = YES;
				CLANG_WARN_DEPRECATED_OBJC_IMPLEMENTATIONS = YES;
				CLANG_WARN_DIRECT_OBJC_ISA_USAGE = YES_ERROR;
				CLANG_WARN_EMPTY_BODY = YES;
				CLANG_WARN_ENUM_CONVERSION = YES;
				CLANG_WARN_INFINITE_RECURSION = YES;
				CLANG_WARN_INT_CONVERSION = YES;
				CLANG_WARN_NON_LITERAL_NULL_CONVERSION = YES;
				CLANG_WARN_OBJC_IMPLICIT_RETAIN_SELF = YES;
				CLANG_WARN_OBJC_LITERAL_CONVERSION = YES;
				CLANG_WARN_OBJC_ROOT_CLASS = YES_ERROR;
				CLANG_WARN_RANGE_LOOP_ANALYSIS = YES;
				CLANG_WARN_STRICT_PROTOTYPES = YES;
				CLANG_WARN_SUSPICIOUS_MOVE = YES;
				CLANG_WARN_UNREACHABLE_CODE = YES;
				CLANG_WARN__DUPLICATE_METHOD_MATCH = YES;
				CODE_SIGN_IDENTITY = "Mac Developer";
				CODE_SIGN_STYLE = Automatic;
				COPY_PHASE_STRIP = NO;
				DEBUG_INFORMATION_FORMAT = dwarf;
				DEVELOPMENT_TEAM = H7NSMSBU6A;
				ENABLE_STRICT_OBJC_MSGSEND = YES;
				ENABLE_TESTABILITY = YES;
				GCC_C_LANGUAGE_STANDARD = gnu11;
				GCC_DYNAMIC_NO_PIC = NO;
				GCC_NO_COMMON_BLOCKS = YES;
				GCC_OPTIMIZATION_LEVEL = 0;
				GCC_PREPROCESSOR_DEFINITIONS = (
					"DEBUG=1",
					"$(inherited)",
				);
				GCC_WARN_64_TO_32_BIT_CONVERSION = YES;
				GCC_WARN_ABOUT_RETURN_TYPE = YES_ERROR;
				GCC_WARN_UNDECLARED_SELECTOR = YES;
				GCC_WARN_UNINITIALIZED_AUTOS = YES_AGGRESSIVE;
				GCC_WARN_UNUSED_FUNCTION = YES;
				GCC_WARN_UNUSED_VARIABLE = YES;
				INFOPLIST_FILE = Aria2D/Resources/Info.plist;
				MACOSX_DEPLOYMENT_TARGET = 10.12;
				MTL_ENABLE_DEBUG_INFO = YES;
				ONLY_ACTIVE_ARCH = YES;
				SDKROOT = macosx;
				SWIFT_OPTIMIZATION_LEVEL = "-Onone";
				SWIFT_VERSION = 4.0;
			};
			name = Debug;
		};
		0147EDCB1D21FAD800FB4324 /* Release */ = {
			isa = XCBuildConfiguration;
			buildSettings = {
				ALWAYS_EMBED_SWIFT_STANDARD_LIBRARIES = NO;
				ALWAYS_SEARCH_USER_PATHS = NO;
				CLANG_ANALYZER_LOCALIZABILITY_NONLOCALIZED = YES;
				CLANG_ANALYZER_NONNULL = YES;
				CLANG_CXX_LANGUAGE_STANDARD = "gnu++14";
				CLANG_CXX_LIBRARY = "libc++";
				CLANG_ENABLE_MODULES = YES;
				CLANG_ENABLE_OBJC_ARC = YES;
				CLANG_WARN_BLOCK_CAPTURE_AUTORELEASING = YES;
				CLANG_WARN_BOOL_CONVERSION = YES;
				CLANG_WARN_COMMA = YES;
				CLANG_WARN_CONSTANT_CONVERSION = YES;
				CLANG_WARN_DEPRECATED_OBJC_IMPLEMENTATIONS = YES;
				CLANG_WARN_DIRECT_OBJC_ISA_USAGE = YES_ERROR;
				CLANG_WARN_EMPTY_BODY = YES;
				CLANG_WARN_ENUM_CONVERSION = YES;
				CLANG_WARN_INFINITE_RECURSION = YES;
				CLANG_WARN_INT_CONVERSION = YES;
				CLANG_WARN_NON_LITERAL_NULL_CONVERSION = YES;
				CLANG_WARN_OBJC_IMPLICIT_RETAIN_SELF = YES;
				CLANG_WARN_OBJC_LITERAL_CONVERSION = YES;
				CLANG_WARN_OBJC_ROOT_CLASS = YES_ERROR;
				CLANG_WARN_RANGE_LOOP_ANALYSIS = YES;
				CLANG_WARN_STRICT_PROTOTYPES = YES;
				CLANG_WARN_SUSPICIOUS_MOVE = YES;
				CLANG_WARN_UNREACHABLE_CODE = YES;
				CLANG_WARN__DUPLICATE_METHOD_MATCH = YES;
				CODE_SIGN_IDENTITY = "Mac Developer";
				CODE_SIGN_STYLE = Automatic;
				COPY_PHASE_STRIP = NO;
				DEBUG_INFORMATION_FORMAT = "dwarf-with-dsym";
				DEVELOPMENT_TEAM = H7NSMSBU6A;
				ENABLE_NS_ASSERTIONS = NO;
				ENABLE_STRICT_OBJC_MSGSEND = YES;
				GCC_C_LANGUAGE_STANDARD = gnu11;
				GCC_NO_COMMON_BLOCKS = YES;
				GCC_WARN_64_TO_32_BIT_CONVERSION = YES;
				GCC_WARN_ABOUT_RETURN_TYPE = YES_ERROR;
				GCC_WARN_UNDECLARED_SELECTOR = YES;
				GCC_WARN_UNINITIALIZED_AUTOS = YES_AGGRESSIVE;
				GCC_WARN_UNUSED_FUNCTION = YES;
				GCC_WARN_UNUSED_VARIABLE = YES;
				INFOPLIST_FILE = Aria2D/Resources/Info.plist;
				MACOSX_DEPLOYMENT_TARGET = 10.12;
				MTL_ENABLE_DEBUG_INFO = NO;
				SDKROOT = macosx;
				SWIFT_OPTIMIZATION_LEVEL = "-Owholemodule";
				SWIFT_VERSION = 4.0;
			};
			name = Release;
		};
		0147EDCD1D21FAD800FB4324 /* Debug */ = {
			isa = XCBuildConfiguration;
			buildSettings = {
				ALWAYS_EMBED_SWIFT_STANDARD_LIBRARIES = NO;
				ASSETCATALOG_COMPILER_APPICON_NAME = AppIcon;
				CLANG_ANALYZER_NUMBER_OBJECT_CONVERSION = YES_AGGRESSIVE;
				CLANG_CXX_LANGUAGE_STANDARD = "gnu++14";
				CLANG_ENABLE_MODULES = YES;
				CODE_SIGN_ENTITLEMENTS = "";
				CODE_SIGN_IDENTITY = "Mac Developer";
				CODE_SIGN_STYLE = Automatic;
				COMBINE_HIDPI_IMAGES = YES;
				DEVELOPMENT_TEAM = H7NSMSBU6A;
				FRAMEWORK_SEARCH_PATHS = (
					"$(inherited)",
					"$(PROJECT_DIR)/Carthage/Build/Mac",
				);
				GCC_C_LANGUAGE_STANDARD = gnu11;
				GCC_PREFIX_HEADER = "";
				HEADER_SEARCH_PATHS = "";
				INFOPLIST_FILE = "$(SRCROOT)/Aria2D/Resources/Info.plist";
				LD_RUNPATH_SEARCH_PATHS = "$(inherited) @executable_path/../Frameworks";
				LIBRARY_SEARCH_PATHS = (
					"$(inherited)",
					"\"$(PROJECT_DIR)/Kevlar\"",
				);
				MACOSX_DEPLOYMENT_TARGET = 10.12;
				MTL_ENABLE_DEBUG_INFO = INCLUDE_SOURCE;
				ONLY_ACTIVE_ARCH = YES;
				OTHER_LDFLAGS = (
					"$(inherited)",
					"-ObjC",
					"\"$(PROJECT_DIR)/Kevlar/libkevlar.a\"",
					"-lc++",
					"-framework",
					Security,
					"-framework",
					IOKit,
				);
				OTHER_SWIFT_FLAGS = "";
				PRODUCT_BUNDLE_IDENTIFIER = com.xjbeta.Aria2D;
				PRODUCT_NAME = "$(TARGET_NAME)";
				PROVISIONING_PROFILE_SPECIFIER = "";
				SWIFT_ACTIVE_COMPILATION_CONDITIONS = DEBUG;
				SWIFT_OBJC_BRIDGING_HEADER = "Aria2D/Source/Aria2D-Bridging-Header.h";
				SWIFT_OPTIMIZATION_LEVEL = "-Onone";
				SWIFT_VERSION = 4.2;
			};
			name = Debug;
		};
		0147EDCE1D21FAD800FB4324 /* Release */ = {
			isa = XCBuildConfiguration;
			buildSettings = {
				ALWAYS_EMBED_SWIFT_STANDARD_LIBRARIES = NO;
				ASSETCATALOG_COMPILER_APPICON_NAME = AppIcon;
				CLANG_ANALYZER_NUMBER_OBJECT_CONVERSION = YES_AGGRESSIVE;
				CLANG_CXX_LANGUAGE_STANDARD = "gnu++14";
				CLANG_ENABLE_MODULES = YES;
				CODE_SIGN_ENTITLEMENTS = "";
				CODE_SIGN_IDENTITY = "Mac Developer";
				CODE_SIGN_STYLE = Automatic;
				COMBINE_HIDPI_IMAGES = YES;
				DEVELOPMENT_TEAM = H7NSMSBU6A;
				ENABLE_HARDENED_RUNTIME = NO;
				FRAMEWORK_SEARCH_PATHS = (
					"$(inherited)",
					"$(PROJECT_DIR)/Carthage/Build/Mac",
				);
				GCC_C_LANGUAGE_STANDARD = gnu11;
				GCC_PREFIX_HEADER = "";
				HEADER_SEARCH_PATHS = "";
				INFOPLIST_FILE = "$(SRCROOT)/Aria2D/Resources/Info.plist";
				LD_RUNPATH_SEARCH_PATHS = "$(inherited) @executable_path/../Frameworks";
				LIBRARY_SEARCH_PATHS = (
					"$(inherited)",
					"\"$(PROJECT_DIR)/Kevlar\"",
				);
				MACOSX_DEPLOYMENT_TARGET = 10.12;
				ONLY_ACTIVE_ARCH = NO;
				OTHER_LDFLAGS = (
					"$(inherited)",
					"-ObjC",
					"\"$(PROJECT_DIR)/Kevlar/libkevlar.a\"",
					"-lc++",
					"-framework",
					Security,
					"-framework",
					IOKit,
				);
				OTHER_SWIFT_FLAGS = "";
				PRODUCT_BUNDLE_IDENTIFIER = com.xjbeta.Aria2D;
				PRODUCT_NAME = "$(TARGET_NAME)";
				PROVISIONING_PROFILE_SPECIFIER = "";
				SWIFT_OBJC_BRIDGING_HEADER = "Aria2D/Source/Aria2D-Bridging-Header.h";
				SWIFT_VERSION = 4.2;
			};
			name = Release;
		};
/* End XCBuildConfiguration section */

/* Begin XCConfigurationList section */
		0147EDB81D21FAD800FB4324 /* Build configuration list for PBXProject "Aria2D" */ = {
			isa = XCConfigurationList;
			buildConfigurations = (
				0147EDCA1D21FAD800FB4324 /* Debug */,
				0147EDCB1D21FAD800FB4324 /* Release */,
			);
			defaultConfigurationIsVisible = 0;
			defaultConfigurationName = Release;
		};
		0147EDCC1D21FAD800FB4324 /* Build configuration list for PBXNativeTarget "Aria2D" */ = {
			isa = XCConfigurationList;
			buildConfigurations = (
				0147EDCD1D21FAD800FB4324 /* Debug */,
				0147EDCE1D21FAD800FB4324 /* Release */,
			);
			defaultConfigurationIsVisible = 0;
			defaultConfigurationName = Release;
		};
/* End XCConfigurationList section */

/* Begin XCVersionGroup section */
		01E90689219BF70800928580 /* Aria2D.xcdatamodeld */ = {
			isa = XCVersionGroup;
			children = (
				01E9068A219BF70800928580 /* Aria2D.xcdatamodel */,
			);
			currentVersion = 01E9068A219BF70800928580 /* Aria2D.xcdatamodel */;
			path = Aria2D.xcdatamodeld;
			sourceTree = "<group>";
			versionGroupType = wrapper.xcdatamodel;
		};
/* End XCVersionGroup section */
	};
	rootObject = 0147EDB51D21FAD800FB4324 /* Project object */;
}
